# This file is autogenerated, do not edit; changes may be undone by the next 'dep ensure'.


[[projects]]
  name = "github.com/certifi/gocertifi"
  packages = ["."]
  revision = "a4ab0227d360091084658029ec8ae45f989fba3e"
  version = "2017.11.05"

[[projects]]
  name = "github.com/evalphobia/logrus_sentry"
  packages = ["."]
  revision = "13ba9278e2adf1537fd94143a6b6a1c0dc008ac7"
  version = "v0.4.2"

[[projects]]
  branch = "master"
  name = "github.com/getsentry/raven-go"
  packages = ["."]
  revision = "d3909e6151a9d4ce1baed14ceb3ad7a835f7c91f"

[[projects]]
  name = "github.com/inconshreveable/mousetrap"
  packages = ["."]
  revision = "76626ae9c91c4f2a10f34cad8ce83ea42c93bb75"
  version = "v1.0"

[[projects]]
  name = "github.com/pkg/errors"
  packages = ["."]
  revision = "645ef00459ed84a119197bfb8d8205042c6df63d"
  version = "v0.8.0"

[[projects]]
  name = "github.com/sirupsen/logrus"
  packages = ["."]
  revision = "f006c2ac4710855cf0f916dd6b77acf6b048dc6e"
  version = "v1.0.3"

[[projects]]
  name = "github.com/spf13/cobra"
  packages = ["."]
  revision = "e5f66de850af3302fbe378c8acded2b0fa55472c"

[[projects]]
  name = "github.com/spf13/pflag"
  packages = ["."]
  revision = "e57e3eeb33f795204c1ca35f56c44f83227c6e66"
  version = "v1.0.0"

[[projects]]
  branch = "master"
  name = "golang.org/x/crypto"
  packages = ["ssh/terminal"]
  revision = "9419663f5a44be8b34ca85f08abc5fe1be11f8a3"

[[projects]]
  name = "golang.org/x/sys"
  packages = ["unix","windows"]
  revision = "ebfc5b4631820b793c9010c87fd8fef0f39eb082"

[solve-meta]
  analyzer-name = "dep"
  analyzer-version = 1
  inputs-digest = "02987fb2c17e17ef8859afc5b8ca7b63ec7a1c31bd3e1274c7854e6ef8e3c749"
  solver-name = "gps-cdcl"
  solver-version = 1
